
Microsoft Visual Studio Solution File, Format Version 12.00
# Visual Studio Version 16
VisualStudioVersion = 16.0.29306.81
MinimumVisualStudioVersion = 10.0.40219.1
Project("{FAE04EC0-301F-11D3-BF4B-00C04F79EFBC}") = "Fitorso", "Fitorso\Fitorso.csproj", "{E3C473DA-55AD-474C-85F6-5ED81ECEBE59}"
EndProject
Project("{FAE04EC0-301F-11D3-BF4B-00C04F79EFBC}") = "Models", "Models\Models.csproj", "{0CE1CC81-679E-4627-89F7-A7D093325F1A}"
EndProject
Project("{FAE04EC0-301F-11D3-BF4B-00C04F79EFBC}") = "DAL", "DAL\DAL.csproj", "{66BF50A6-1561-44F2-ADF8-485FA6B91603}"
EndProject
Project("{FAE04EC0-301F-11D3-BF4B-00C04F79EFBC}") = "IDAL", "IDAL\IDAL.csproj", "{A00E9C48-BE98-4F78-8B4E-3F5EE56E696D}"
EndProject
Project("{FAE04EC0-301F-11D3-BF4B-00C04F79EFBC}") = "Logic", "Logic\Logic.csproj", "{38640305-15E6-46F8-B884-7EA6E7C41D0F}"
EndProject
Global
	GlobalSection(SolutionConfigurationPlatforms) = preSolution
		Debug|Any CPU = Debug|Any CPU
		Release|Any CPU = Release|Any CPU
	EndGlobalSection
	GlobalSection(ProjectConfigurationPlatforms) = postSolution
		{E3C473DA-55AD-474C-85F6-5ED81ECEBE59}.Debug|Any CPU.ActiveCfg = Debug|Any CPU
		{E3C473DA-55AD-474C-85F6-5ED81ECEBE59}.Debug|Any CPU.Build.0 = Debug|Any CPU
		{E3C473DA-55AD-474C-85F6-5ED81ECEBE59}.Release|Any CPU.ActiveCfg = Release|Any CPU
		{E3C473DA-55AD-474C-85F6-5ED81ECEBE59}.Release|Any CPU.Build.0 = Release|Any CPU
		{0CE1CC81-679E-4627-89F7-A7D093325F1A}.Debug|Any CPU.ActiveCfg = Debug|Any CPU
		{0CE1CC81-679E-4627-89F7-A7D093325F1A}.Debug|Any CPU.Build.0 = Debug|Any CPU
		{0CE1CC81-679E-4627-89F7-A7D093325F1A}.Release|Any CPU.ActiveCfg = Release|Any CPU
		{0CE1CC81-679E-4627-89F7-A7D093325F1A}.Release|Any CPU.Build.0 = Release|Any CPU
		{66BF50A6-1561-44F2-ADF8-485FA6B91603}.Debug|Any CPU.ActiveCfg = Debug|Any CPU
		{66BF50A6-1561-44F2-ADF8-485FA6B91603}.Debug|Any CPU.Build.0 = Debug|Any CPU
		{66BF50A6-1561-44F2-ADF8-485FA6B91603}.Release|Any CPU.ActiveCfg = Release|Any CPU
		{66BF50A6-1561-44F2-ADF8-485FA6B91603}.Release|Any CPU.Build.0 = Release|Any CPU
		{A00E9C48-BE98-4F78-8B4E-3F5EE56E696D}.Debug|Any CPU.ActiveCfg = Debug|Any CPU
		{A00E9C48-BE98-4F78-8B4E-3F5EE56E696D}.Debug|Any CPU.Build.0 = Debug|Any CPU
		{A00E9C48-BE98-4F78-8B4E-3F5EE56E696D}.Release|Any CPU.ActiveCfg = Release|Any CPU
		{A00E9C48-BE98-4F78-8B4E-3F5EE56E696D}.Release|Any CPU.Build.0 = Release|Any CPU
		{38640305-15E6-46F8-B884-7EA6E7C41D0F}.Debug|Any CPU.ActiveCfg = Debug|Any CPU
		{38640305-15E6-46F8-B884-7EA6E7C41D0F}.Debug|Any CPU.Build.0 = Debug|Any CPU
		{38640305-15E6-46F8-B884-7EA6E7C41D0F}.Release|Any CPU.ActiveCfg = Release|Any CPU
		{38640305-15E6-46F8-B884-7EA6E7C41D0F}.Release|Any CPU.Build.0 = Release|Any CPU
	EndGlobalSection
	GlobalSection(SolutionProperties) = preSolution
		HideSolutionNode = FALSE
	EndGlobalSection
	GlobalSection(ExtensibilityGlobals) = postSolution
		SolutionGuid = {88B91195-BD63-4DDD-871F-F52FB138F6EB}
	EndGlobalSection
EndGlobal
